# THIS IS AN AUTOGENERATED FILE. DO NOT EDIT THIS FILE DIRECTLY.
# yarn lockfile v1


stylis@^4.0.7:
  version "4.0.7"
  resolved "https://registry.yarnpkg.com/stylis/-/stylis-4.0.7.tgz#412a90c28079417f3d27c028035095e4232d2904"
  integrity sha512-OFFeUXFgwnGOKvEXaSv0D0KQ5ADP0n6g3SVONx6I/85JzNZ3u50FRwB3lVIk1QO2HNdI75tbVzc4Z66Gdp9voA==
